
Microsoft Visual Studio Solution File, Format Version 11.00
# Visual Studio 2010
Project("{FAE04EC0-301F-11D3-BF4B-00C04F79EFBC}") = "SpreadSheetImporter", "SpreadSheetImporter\SpreadSheetImporter.csproj", "{B8639ED4-7D7E-4D29-BFBD-F25263C057FC}"
EndProject
Global
	GlobalSection(SolutionConfigurationPlatforms) = preSolution
		Debug|x86 = Debug|x86
		Release|x86 = Release|x86
	EndGlobalSection
	GlobalSection(ProjectConfigurationPlatforms) = postSolution
		{B8639ED4-7D7E-4D29-BFBD-F25263C057FC}.Debug|x86.ActiveCfg = Debug|x86
		{B8639ED4-7D7E-4D29-BFBD-F25263C057FC}.Debug|x86.Build.0 = Debug|x86
		{B8639ED4-7D7E-4D29-BFBD-F25263C057FC}.Release|x86.ActiveCfg = Release|x86
		{B8639ED4-7D7E-4D29-BFBD-F25263C057FC}.Release|x86.Build.0 = Release|x86
	EndGlobalSection
	GlobalSection(SolutionProperties) = preSolution
		HideSolutionNode = FALSE
	EndGlobalSection
EndGlobal
