
Microsoft Visual Studio Solution File, Format Version 11.00
# Visual Studio 2010
Project("{FAE04EC0-301F-11D3-BF4B-00C04F79EFBC}") = "SoccerServer", "SoccerServer\SoccerServer.csproj", "{E8FF811B-43D3-4512-B7A8-6DCD32005D79}"
EndProject
Project("{FAE04EC0-301F-11D3-BF4B-00C04F79EFBC}") = "Skills", "Skills\Skills.csproj", "{15AD1345-984C-48ED-AF9A-2EAB44E5AA2B}"
EndProject
Project("{FAE04EC0-301F-11D3-BF4B-00C04F79EFBC}") = "NetEngine", "NetEngine\NetEngine.csproj", "{144F0F81-76BB-4C9F-A56E-DC4B6517F726}"
EndProject
Project("{FAE04EC0-301F-11D3-BF4B-00C04F79EFBC}") = "HttpService", "HttpService\HttpService.csproj", "{111103BF-5CD3-432E-BF91-3E7E86F3FA89}"
	ProjectSection(ProjectDependencies) = postProject
		{144F0F81-76BB-4C9F-A56E-DC4B6517F726} = {144F0F81-76BB-4C9F-A56E-DC4B6517F726}
	EndProjectSection
EndProject
Project("{FAE04EC0-301F-11D3-BF4B-00C04F79EFBC}") = "Realtime", "Realtime\Realtime.csproj", "{EC84C8C2-3FD7-4A7D-8438-D0D84E1E1CD2}"
EndProject
Project("{FAE04EC0-301F-11D3-BF4B-00C04F79EFBC}") = "ServerCommon", "ServerCommon\ServerCommon.csproj", "{F1DC52CB-B4FD-4BFD-ACA7-268F47D864EE}"
EndProject
Global
	GlobalSection(SolutionConfigurationPlatforms) = preSolution
		Debug|Any CPU = Debug|Any CPU
		Release|Any CPU = Release|Any CPU
	EndGlobalSection
	GlobalSection(ProjectConfigurationPlatforms) = postSolution
		{E8FF811B-43D3-4512-B7A8-6DCD32005D79}.Debug|Any CPU.ActiveCfg = Debug|Any CPU
		{E8FF811B-43D3-4512-B7A8-6DCD32005D79}.Debug|Any CPU.Build.0 = Debug|Any CPU
		{E8FF811B-43D3-4512-B7A8-6DCD32005D79}.Release|Any CPU.ActiveCfg = Release|Any CPU
		{E8FF811B-43D3-4512-B7A8-6DCD32005D79}.Release|Any CPU.Build.0 = Release|Any CPU
		{15AD1345-984C-48ED-AF9A-2EAB44E5AA2B}.Debug|Any CPU.ActiveCfg = Debug|Any CPU
		{15AD1345-984C-48ED-AF9A-2EAB44E5AA2B}.Debug|Any CPU.Build.0 = Debug|Any CPU
		{15AD1345-984C-48ED-AF9A-2EAB44E5AA2B}.Release|Any CPU.ActiveCfg = Release|Any CPU
		{15AD1345-984C-48ED-AF9A-2EAB44E5AA2B}.Release|Any CPU.Build.0 = Release|Any CPU
		{144F0F81-76BB-4C9F-A56E-DC4B6517F726}.Debug|Any CPU.ActiveCfg = Debug|Any CPU
		{144F0F81-76BB-4C9F-A56E-DC4B6517F726}.Debug|Any CPU.Build.0 = Debug|Any CPU
		{144F0F81-76BB-4C9F-A56E-DC4B6517F726}.Release|Any CPU.ActiveCfg = Release|Any CPU
		{144F0F81-76BB-4C9F-A56E-DC4B6517F726}.Release|Any CPU.Build.0 = Release|Any CPU
		{111103BF-5CD3-432E-BF91-3E7E86F3FA89}.Debug|Any CPU.ActiveCfg = Debug|Any CPU
		{111103BF-5CD3-432E-BF91-3E7E86F3FA89}.Debug|Any CPU.Build.0 = Debug|Any CPU
		{111103BF-5CD3-432E-BF91-3E7E86F3FA89}.Release|Any CPU.ActiveCfg = Release|Any CPU
		{111103BF-5CD3-432E-BF91-3E7E86F3FA89}.Release|Any CPU.Build.0 = Release|Any CPU
		{EC84C8C2-3FD7-4A7D-8438-D0D84E1E1CD2}.Debug|Any CPU.ActiveCfg = Debug|Any CPU
		{EC84C8C2-3FD7-4A7D-8438-D0D84E1E1CD2}.Debug|Any CPU.Build.0 = Debug|Any CPU
		{EC84C8C2-3FD7-4A7D-8438-D0D84E1E1CD2}.Release|Any CPU.ActiveCfg = Release|Any CPU
		{EC84C8C2-3FD7-4A7D-8438-D0D84E1E1CD2}.Release|Any CPU.Build.0 = Release|Any CPU
		{F1DC52CB-B4FD-4BFD-ACA7-268F47D864EE}.Debug|Any CPU.ActiveCfg = Debug|Any CPU
		{F1DC52CB-B4FD-4BFD-ACA7-268F47D864EE}.Debug|Any CPU.Build.0 = Debug|Any CPU
		{F1DC52CB-B4FD-4BFD-ACA7-268F47D864EE}.Release|Any CPU.ActiveCfg = Release|Any CPU
		{F1DC52CB-B4FD-4BFD-ACA7-268F47D864EE}.Release|Any CPU.Build.0 = Release|Any CPU
	EndGlobalSection
	GlobalSection(SolutionProperties) = preSolution
		HideSolutionNode = FALSE
	EndGlobalSection
EndGlobal
